// !$*UTF8*$!
{
	archiveVersion = 1;
	classes = {
	};
	objectVersion = 50;
	objects = {

/* Begin PBXBuildFile section */
		82479F1C248AE32A0022E0C4 /* EmojiMemoryGame.swift in Sources */ = {isa = PBXBuildFile; fileRef = 82479F1B248AE32A0022E0C4 /* EmojiMemoryGame.swift */; };
		824AFC15248ADB8800DCE982 /* MemoryGame.swift in Sources */ = {isa = PBXBuildFile; fileRef = 824AFC14248ADB8800DCE982 /* MemoryGame.swift */; };
		82532EFC24A1463900C534E7 /* Grid.swift in Sources */ = {isa = PBXBuildFile; fileRef = 82532EFB24A1463900C534E7 /* Grid.swift */; };
		82532EFE24A14FE800C534E7 /* GridLayout.swift in Sources */ = {isa = PBXBuildFile; fileRef = 82532EFD24A14FE800C534E7 /* GridLayout.swift */; };
		8290966624B0A34E009C83DB /* Array+Extension.swift in Sources */ = {isa = PBXBuildFile; fileRef = 8290966524B0A34E009C83DB /* Array+Extension.swift */; };
		8290966924B1151B009C83DB /* EmojiMemoryGameView.swift in Sources */ = {isa = PBXBuildFile; fileRef = 8290966724B1151A009C83DB /* EmojiMemoryGameView.swift */; };
		8290966A24B1151B009C83DB /* CardView.swift in Sources */ = {isa = PBXBuildFile; fileRef = 8290966824B1151B009C83DB /* CardView.swift */; };
		82A40CBD247D938F00F58D8F /* AppDelegate.swift in Sources */ = {isa = PBXBuildFile; fileRef = 82A40CBC247D938F00F58D8F /* AppDelegate.swift */; };
		82A40CBF247D938F00F58D8F /* SceneDelegate.swift in Sources */ = {isa = PBXBuildFile; fileRef = 82A40CBE247D938F00F58D8F /* SceneDelegate.swift */; };
		82A40CC3247D939500F58D8F /* Assets.xcassets in Resources */ = {isa = PBXBuildFile; fileRef = 82A40CC2247D939500F58D8F /* Assets.xcassets */; };
		82A40CC6247D939500F58D8F /* Preview Assets.xcassets in Resources */ = {isa = PBXBuildFile; fileRef = 82A40CC5247D939500F58D8F /* Preview Assets.xcassets */; };
		82A40CC9247D939500F58D8F /* LaunchScreen.storyboard in Resources */ = {isa = PBXBuildFile; fileRef = 82A40CC7247D939500F58D8F /* LaunchScreen.storyboard */; };
		82A40CD4247D939500F58D8F /* MemorizeTests.swift in Sources */ = {isa = PBXBuildFile; fileRef = 82A40CD3247D939500F58D8F /* MemorizeTests.swift */; };
/* End PBXBuildFile section */

/* Begin PBXContainerItemProxy section */
		82A40CD0247D939500F58D8F /* PBXContainerItemProxy */ = {
			isa = PBXContainerItemProxy;
			containerPortal = 82A40CB1247D938F00F58D8F /* Project object */;
			proxyType = 1;
			remoteGlobalIDString = 82A40CB8247D938F00F58D8F;
			remoteInfo = Memorize;
		};
/* End PBXContainerItemProxy section */

/* Begin PBXFileReference section */
		82479F1B248AE32A0022E0C4 /* EmojiMemoryGame.swift */ = {isa = PBXFileReference; lastKnownFileType = sourcecode.swift; path = EmojiMemoryGame.swift; sourceTree = "<group>"; };
		824AFC14248ADB8800DCE982 /* MemoryGame.swift */ = {isa = PBXFileReference; lastKnownFileType = sourcecode.swift; path = MemoryGame.swift; sourceTree = "<group>"; };
		82532EFB24A1463900C534E7 /* Grid.swift */ = {isa = PBXFileReference; lastKnownFileType = sourcecode.swift; path = Grid.swift; sourceTree = "<group>"; };
		82532EFD24A14FE800C534E7 /* GridLayout.swift */ = {isa = PBXFileReference; fileEncoding = 4; lastKnownFileType = sourcecode.swift; path = GridLayout.swift; sourceTree = "<group>"; };
		8290966524B0A34E009C83DB /* Array+Extension.swift */ = {isa = PBXFileReference; lastKnownFileType = sourcecode.swift; path = "Array+Extension.swift"; sourceTree = "<group>"; };
		8290966724B1151A009C83DB /* EmojiMemoryGameView.swift */ = {isa = PBXFileReference; fileEncoding = 4; lastKnownFileType = sourcecode.swift; path = EmojiMemoryGameView.swift; sourceTree = "<group>"; };
		8290966824B1151B009C83DB /* CardView.swift */ = {isa = PBXFileReference; fileEncoding = 4; lastKnownFileType = sourcecode.swift; path = CardView.swift; sourceTree = "<group>"; };
		82A40CB9247D938F00F58D8F /* Memorize.app */ = {isa = PBXFileReference; explicitFileType = wrapper.application; includeInIndex = 0; path = Memorize.app; sourceTree = BUILT_PRODUCTS_DIR; };
		82A40CBC247D938F00F58D8F /* AppDelegate.swift */ = {isa = PBXFileReference; lastKnownFileType = sourcecode.swift; path = AppDelegate.swift; sourceTree = "<group>"; };
		82A40CBE247D938F00F58D8F /* SceneDelegate.swift */ = {isa = PBXFileReference; lastKnownFileType = sourcecode.swift; path = SceneDelegate.swift; sourceTree = "<group>"; };
		82A40CC2247D939500F58D8F /* Assets.xcassets */ = {isa = PBXFileReference; lastKnownFileType = folder.assetcatalog; path = Assets.xcassets; sourceTree = "<group>"; };
		82A40CC5247D939500F58D8F /* Preview Assets.xcassets */ = {isa = PBXFileReference; lastKnownFileType = folder.assetcatalog; path = "Preview Assets.xcassets"; sourceTree = "<group>"; };
		82A40CC8247D939500F58D8F /* Base */ = {isa = PBXFileReference; lastKnownFileType = file.storyboard; name = Base; path = Base.lproj/LaunchScreen.storyboard; sourceTree = "<group>"; };
		82A40CCA247D939500F58D8F /* Info.plist */ = {isa = PBXFileReference; lastKnownFileType = text.plist.xml; path = Info.plist; sourceTree = "<group>"; };
		82A40CCF247D939500F58D8F /* MemorizeTests.xctest */ = {isa = PBXFileReference; explicitFileType = wrapper.cfbundle; includeInIndex = 0; path = MemorizeTests.xctest; sourceTree = BUILT_PRODUCTS_DIR; };
		82A40CD3247D939500F58D8F /* MemorizeTests.swift */ = {isa = PBXFileReference; lastKnownFileType = sourcecode.swift; path = MemorizeTests.swift; sourceTree = "<group>"; };
		82A40CD5247D939500F58D8F /* Info.plist */ = {isa = PBXFileReference; lastKnownFileType = text.plist.xml; path = Info.plist; sourceTree = "<group>"; };
/* End PBXFileReference section */

/* Begin PBXFrameworksBuildPhase section */
		82A40CB6247D938F00F58D8F /* Frameworks */ = {
			isa = PBXFrameworksBuildPhase;
			buildActionMask = 2147483647;
			files = (
			);
			runOnlyForDeploymentPostprocessing = 0;
		};
		82A40CCC247D939500F58D8F /* Frameworks */ = {
			isa = PBXFrameworksBuildPhase;
			buildActionMask = 2147483647;
			files = (
			);
			runOnlyForDeploymentPostprocessing = 0;
		};
/* End PBXFrameworksBuildPhase section */

/* Begin PBXGroup section */
		8290966124B09DEF009C83DB /* Layout */ = {
			isa = PBXGroup;
			children = (
				82532EFD24A14FE800C534E7 /* GridLayout.swift */,
			);
			path = Layout;
			sourceTree = "<group>";
		};
		8290966424B0A326009C83DB /* Extensions */ = {
			isa = PBXGroup;
			children = (
				8290966524B0A34E009C83DB /* Array+Extension.swift */,
			);
			path = Extensions;
			sourceTree = "<group>";
		};
		82A40CB0247D938F00F58D8F = {
			isa = PBXGroup;
			children = (
				82A40CBB247D938F00F58D8F /* Memorize */,
				82A40CD2247D939500F58D8F /* MemorizeTests */,
				82A40CBA247D938F00F58D8F /* Products */,
			);
			sourceTree = "<group>";
		};
		82A40CBA247D938F00F58D8F /* Products */ = {
			isa = PBXGroup;
			children = (
				82A40CB9247D938F00F58D8F /* Memorize.app */,
				82A40CCF247D939500F58D8F /* MemorizeTests.xctest */,
			);
			name = Products;
			sourceTree = "<group>";
		};
		82A40CBB247D938F00F58D8F /* Memorize */ = {
			isa = PBXGroup;
			children = (
				82A40CBC247D938F00F58D8F /* AppDelegate.swift */,
				82A40CBE247D938F00F58D8F /* SceneDelegate.swift */,
				8290966424B0A326009C83DB /* Extensions */,
				82D9E6EF248C00130032747D /* Model */,
				82D9E6F0248C001E0032747D /* ViewModel */,
				82D9E6EE248C00080032747D /* View */,
				8290966124B09DEF009C83DB /* Layout */,
				82A40CC2247D939500F58D8F /* Assets.xcassets */,
				82A40CC7247D939500F58D8F /* LaunchScreen.storyboard */,
				82A40CCA247D939500F58D8F /* Info.plist */,
				82A40CC4247D939500F58D8F /* Preview Content */,
			);
			path = Memorize;
			sourceTree = "<group>";
		};
		82A40CC4247D939500F58D8F /* Preview Content */ = {
			isa = PBXGroup;
			children = (
				82A40CC5247D939500F58D8F /* Preview Assets.xcassets */,
			);
			path = "Preview Content";
			sourceTree = "<group>";
		};
		82A40CD2247D939500F58D8F /* MemorizeTests */ = {
			isa = PBXGroup;
			children = (
				82A40CD3247D939500F58D8F /* MemorizeTests.swift */,
				82A40CD5247D939500F58D8F /* Info.plist */,
			);
			path = MemorizeTests;
			sourceTree = "<group>";
		};
		82D9E6EE248C00080032747D /* View */ = {
			isa = PBXGroup;
			children = (
				82532EFB24A1463900C534E7 /* Grid.swift */,
				8290966824B1151B009C83DB /* CardView.swift */,
				8290966724B1151A009C83DB /* EmojiMemoryGameView.swift */,
			);
			path = View;
			sourceTree = "<group>";
		};
		82D9E6EF248C00130032747D /* Model */ = {
			isa = PBXGroup;
			children = (
				824AFC14248ADB8800DCE982 /* MemoryGame.swift */,
			);
			path = Model;
			sourceTree = "<group>";
		};
		82D9E6F0248C001E0032747D /* ViewModel */ = {
			isa = PBXGroup;
			children = (
				82479F1B248AE32A0022E0C4 /* EmojiMemoryGame.swift */,
			);
			path = ViewModel;
			sourceTree = "<group>";
		};
/* End PBXGroup section */

/* Begin PBXNativeTarget section */
		82A40CB8247D938F00F58D8F /* Memorize */ = {
			isa = PBXNativeTarget;
			buildConfigurationList = 82A40CD8247D939500F58D8F /* Build configuration list for PBXNativeTarget "Memorize" */;
			buildPhases = (
				82A40CB5247D938F00F58D8F /* Sources */,
				82A40CB6247D938F00F58D8F /* Frameworks */,
				82A40CB7247D938F00F58D8F /* Resources */,
			);
			buildRules = (
			);
			dependencies = (
			);
			name = Memorize;
			productName = Memorize;
			productReference = 82A40CB9247D938F00F58D8F /* Memorize.app */;
			productType = "com.apple.product-type.application";
		};
		82A40CCE247D939500F58D8F /* MemorizeTests */ = {
			isa = PBXNativeTarget;
			buildConfigurationList = 82A40CDB247D939500F58D8F /* Build configuration list for PBXNativeTarget "MemorizeTests" */;
			buildPhases = (
				82A40CCB247D939500F58D8F /* Sources */,
				82A40CCC247D939500F58D8F /* Frameworks */,
				82A40CCD247D939500F58D8F /* Resources */,
			);
			buildRules = (
			);
			dependencies = (
				82A40CD1247D939500F58D8F /* PBXTargetDependency */,
			);
			name = MemorizeTests;
			productName = MemorizeTests;
			productReference = 82A40CCF247D939500F58D8F /* MemorizeTests.xctest */;
			productType = "com.apple.product-type.bundle.unit-test";
		};
/* End PBXNativeTarget section */

/* Begin PBXProject section */
		82A40CB1247D938F00F58D8F /* Project object */ = {
			isa = PBXProject;
			attributes = {
				LastSwiftUpdateCheck = 1140;
				LastUpgradeCheck = 1140;
				ORGANIZATIONNAME = "Roshan sah";
				TargetAttributes = {
					82A40CB8247D938F00F58D8F = {
						CreatedOnToolsVersion = 11.4.1;
					};
					82A40CCE247D939500F58D8F = {
						CreatedOnToolsVersion = 11.4.1;
						TestTargetID = 82A40CB8247D938F00F58D8F;
					};
				};
			};
			buildConfigurationList = 82A40CB4247D938F00F58D8F /* Build configuration list for PBXProject "Memorize" */;
			compatibilityVersion = "Xcode 9.3";
			developmentRegion = en;
			hasScannedForEncodings = 0;
			knownRegions = (
				en,
				Base,
			);
			mainGroup = 82A40CB0247D938F00F58D8F;
			productRefGroup = 82A40CBA247D938F00F58D8F /* Products */;
			projectDirPath = "";
			projectRoot = "";
			targets = (
				82A40CB8247D938F00F58D8F /* Memorize */,
				82A40CCE247D939500F58D8F /* MemorizeTests */,
			);
		};
/* End PBXProject section */

/* Begin PBXResourcesBuildPhase section */
		82A40CB7247D938F00F58D8F /* Resources */ = {
			isa = PBXResourcesBuildPhase;
			buildActionMask = 2147483647;
			files = (
				82A40CC9247D939500F58D8F /* LaunchScreen.storyboard in Resources */,
				82A40CC6247D939500F58D8F /* Preview Assets.xcassets in Resources */,
				82A40CC3247D939500F58D8F /* Assets.xcassets in Resources */,
			);
			runOnlyForDeploymentPostprocessing = 0;
		};
		82A40CCD247D939500F58D8F /* Resources */ = {
			isa = PBXResourcesBuildPhase;
			buildActionMask = 2147483647;
			files = (
			);
			runOnlyForDeploymentPostprocessing = 0;
		};
/* End PBXResourcesBuildPhase section */

/* Begin PBXSourcesBuildPhase section */
		82A40CB5247D938F00F58D8F /* Sources */ = {
			isa = PBXSourcesBuildPhase;
			buildActionMask = 2147483647;
			files = (
				82A40CBD247D938F00F58D8F /* AppDelegate.swift in Sources */,
				8290966A24B1151B009C83DB /* CardView.swift in Sources */,
				82A40CBF247D938F00F58D8F /* SceneDelegate.swift in Sources */,
				824AFC15248ADB8800DCE982 /* MemoryGame.swift in Sources */,
				8290966624B0A34E009C83DB /* Array+Extension.swift in Sources */,
				82479F1C248AE32A0022E0C4 /* EmojiMemoryGame.swift in Sources */,
				82532EFE24A14FE800C534E7 /* GridLayout.swift in Sources */,
				8290966924B1151B009C83DB /* EmojiMemoryGameView.swift in Sources */,
				82532EFC24A1463900C534E7 /* Grid.swift in Sources */,
			);
			runOnlyForDeploymentPostprocessing = 0;
		};
		82A40CCB247D939500F58D8F /* Sources */ = {
			isa = PBXSourcesBuildPhase;
			buildActionMask = 2147483647;
			files = (
				82A40CD4247D939500F58D8F /* MemorizeTests.swift in Sources */,
			);
			runOnlyForDeploymentPostprocessing = 0;
		};
/* End PBXSourcesBuildPhase section */

/* Begin PBXTargetDependency section */
		82A40CD1247D939500F58D8F /* PBXTargetDependency */ = {
			isa = PBXTargetDependency;
			target = 82A40CB8247D938F00F58D8F /* Memorize */;
			targetProxy = 82A40CD0247D939500F58D8F /* PBXContainerItemProxy */;
		};
/* End PBXTargetDependency section */

/* Begin PBXVariantGroup section */
		82A40CC7247D939500F58D8F /* LaunchScreen.storyboard */ = {
			isa = PBXVariantGroup;
			children = (
				82A40CC8247D939500F58D8F /* Base */,
			);
			name = LaunchScreen.storyboard;
			sourceTree = "<group>";
		};
/* End PBXVariantGroup section */

/* Begin XCBuildConfiguration section */
		82A40CD6247D939500F58D8F /* Debug */ = {
			isa = XCBuildConfiguration;
			buildSettings = {
				ALWAYS_SEARCH_USER_PATHS = NO;
				CLANG_ANALYZER_NONNULL = YES;
				CLANG_ANALYZER_NUMBER_OBJECT_CONVERSION = YES_AGGRESSIVE;
				CLANG_CXX_LANGUAGE_STANDARD = "gnu++14";
				CLANG_CXX_LIBRARY = "libc++";
				CLANG_ENABLE_MODULES = YES;
				CLANG_ENABLE_OBJC_ARC = YES;
				CLANG_ENABLE_OBJC_WEAK = YES;
				CLANG_WARN_BLOCK_CAPTURE_AUTORELEASING = YES;
				CLANG_WARN_BOOL_CONVERSION = YES;
				CLANG_WARN_COMMA = YES;
				CLANG_WARN_CONSTANT_CONVERSION = YES;
				CLANG_WARN_DEPRECATED_OBJC_IMPLEMENTATIONS = YES;
				CLANG_WARN_DIRECT_OBJC_ISA_USAGE = YES_ERROR;
				CLANG_WARN_DOCUMENTATION_COMMENTS = YES;
				CLANG_WARN_EMPTY_BODY = YES;
				CLANG_WARN_ENUM_CONVERSION = YES;
				CLANG_WARN_INFINITE_RECURSION = YES;
				CLANG_WARN_INT_CONVERSION = YES;
				CLANG_WARN_NON_LITERAL_NULL_CONVERSION = YES;
				CLANG_WARN_OBJC_IMPLICIT_RETAIN_SELF = YES;
				CLANG_WARN_OBJC_LITERAL_CONVERSION = YES;
				CLANG_WARN_OBJC_ROOT_CLASS = YES_ERROR;
				CLANG_WARN_RANGE_LOOP_ANALYSIS = YES;
				CLANG_WARN_STRICT_PROTOTYPES = YES;
				CLANG_WARN_SUSPICIOUS_MOVE = YES;
				CLANG_WARN_UNGUARDED_AVAILABILITY = YES_AGGRESSIVE;
				CLANG_WARN_UNREACHABLE_CODE = YES;
				CLANG_WARN__DUPLICATE_METHOD_MATCH = YES;
				COPY_PHASE_STRIP = NO;
				DEBUG_INFORMATION_FORMAT = dwarf;
				ENABLE_STRICT_OBJC_MSGSEND = YES;
				ENABLE_TESTABILITY = YES;
				GCC_C_LANGUAGE_STANDARD = gnu11;
				GCC_DYNAMIC_NO_PIC = NO;
				GCC_NO_COMMON_BLOCKS = YES;
				GCC_OPTIMIZATION_LEVEL = 0;
				GCC_PREPROCESSOR_DEFINITIONS = (
					"DEBUG=1",
					"$(inherited)",
				);
				GCC_WARN_64_TO_32_BIT_CONVERSION = YES;
				GCC_WARN_ABOUT_RETURN_TYPE = YES_ERROR;
				GCC_WARN_UNDECLARED_SELECTOR = YES;
				GCC_WARN_UNINITIALIZED_AUTOS = YES_AGGRESSIVE;
				GCC_WARN_UNUSED_FUNCTION = YES;
				GCC_WARN_UNUSED_VARIABLE = YES;
				IPHONEOS_DEPLOYMENT_TARGET = 13.4;
				MTL_ENABLE_DEBUG_INFO = INCLUDE_SOURCE;
				MTL_FAST_MATH = YES;
				ONLY_ACTIVE_ARCH = YES;
				SDKROOT = iphoneos;
				SWIFT_ACTIVE_COMPILATION_CONDITIONS = DEBUG;
				SWIFT_OPTIMIZATION_LEVEL = "-Onone";
			};
			name = Debug;
		};
		82A40CD7247D939500F58D8F /* Release */ = {
			isa = XCBuildConfiguration;
			buildSettings = {
				ALWAYS_SEARCH_USER_PATHS = NO;
				CLANG_ANALYZER_NONNULL = YES;
				CLANG_ANALYZER_NUMBER_OBJECT_CONVERSION = YES_AGGRESSIVE;
				CLANG_CXX_LANGUAGE_STANDARD = "gnu++14";
				CLANG_CXX_LIBRARY = "libc++";
				CLANG_ENABLE_MODULES = YES;
				CLANG_ENABLE_OBJC_ARC = YES;
				CLANG_ENABLE_OBJC_WEAK = YES;
				CLANG_WARN_BLOCK_CAPTURE_AUTORELEASING = YES;
				CLANG_WARN_BOOL_CONVERSION = YES;
				CLANG_WARN_COMMA = YES;
				CLANG_WARN_CONSTANT_CONVERSION = YES;
				CLANG_WARN_DEPRECATED_OBJC_IMPLEMENTATIONS = YES;
				CLANG_WARN_DIRECT_OBJC_ISA_USAGE = YES_ERROR;
				CLANG_WARN_DOCUMENTATION_COMMENTS = YES;
				CLANG_WARN_EMPTY_BODY = YES;
				CLANG_WARN_ENUM_CONVERSION = YES;
				CLANG_WARN_INFINITE_RECURSION = YES;
				CLANG_WARN_INT_CONVERSION = YES;
				CLANG_WARN_NON_LITERAL_NULL_CONVERSION = YES;
				CLANG_WARN_OBJC_IMPLICIT_RETAIN_SELF = YES;
				CLANG_WARN_OBJC_LITERAL_CONVERSION = YES;
				CLANG_WARN_OBJC_ROOT_CLASS = YES_ERROR;
				CLANG_WARN_RANGE_LOOP_ANALYSIS = YES;
				CLANG_WARN_STRICT_PROTOTYPES = YES;
				CLANG_WARN_SUSPICIOUS_MOVE = YES;
				CLANG_WARN_UNGUARDED_AVAILABILITY = YES_AGGRESSIVE;
				CLANG_WARN_UNREACHABLE_CODE = YES;
				CLANG_WARN__DUPLICATE_METHOD_MATCH = YES;
				COPY_PHASE_STRIP = NO;
				DEBUG_INFORMATION_FORMAT = "dwarf-with-dsym";
				ENABLE_NS_ASSERTIONS = NO;
				ENABLE_STRICT_OBJC_MSGSEND = YES;
				GCC_C_LANGUAGE_STANDARD = gnu11;
				GCC_NO_COMMON_BLOCKS = YES;
				GCC_WARN_64_TO_32_BIT_CONVERSION = YES;
				GCC_WARN_ABOUT_RETURN_TYPE = YES_ERROR;
				GCC_WARN_UNDECLARED_SELECTOR = YES;
				GCC_WARN_UNINITIALIZED_AUTOS = YES_AGGRESSIVE;
				GCC_WARN_UNUSED_FUNCTION = YES;
				GCC_WARN_UNUSED_VARIABLE = YES;
				IPHONEOS_DEPLOYMENT_TARGET = 13.4;
				MTL_ENABLE_DEBUG_INFO = NO;
				MTL_FAST_MATH = YES;
				SDKROOT = iphoneos;
				SWIFT_COMPILATION_MODE = wholemodule;
				SWIFT_OPTIMIZATION_LEVEL = "-O";
				VALIDATE_PRODUCT = YES;
			};
			name = Release;
		};
		82A40CD9247D939500F58D8F /* Debug */ = {
			isa = XCBuildConfiguration;
			buildSettings = {
				ASSETCATALOG_COMPILER_APPICON_NAME = AppIcon;
				CODE_SIGN_STYLE = Automatic;
				DEVELOPMENT_ASSET_PATHS = "\"Memorize/Preview Content\"";
				DEVELOPMENT_TEAM = NRJNYGFB33;
				ENABLE_PREVIEWS = YES;
				INFOPLIST_FILE = Memorize/Info.plist;
				LD_RUNPATH_SEARCH_PATHS = (
					"$(inherited)",
					"@executable_path/Frameworks",
				);
				PRODUCT_BUNDLE_IDENTIFIER = om.apple.memorize.Memorize;
				PRODUCT_NAME = "$(TARGET_NAME)";
				SWIFT_VERSION = 5.0;
				TARGETED_DEVICE_FAMILY = "1,2";
			};
			name = Debug;
		};
		82A40CDA247D939500F58D8F /* Release */ = {
			isa = XCBuildConfiguration;
			buildSettings = {
				ASSETCATALOG_COMPILER_APPICON_NAME = AppIcon;
				CODE_SIGN_STYLE = Automatic;
				DEVELOPMENT_ASSET_PATHS = "\"Memorize/Preview Content\"";
				DEVELOPMENT_TEAM = NRJNYGFB33;
				ENABLE_PREVIEWS = YES;
				INFOPLIST_FILE = Memorize/Info.plist;
				LD_RUNPATH_SEARCH_PATHS = (
					"$(inherited)",
					"@executable_path/Frameworks",
				);
				PRODUCT_BUNDLE_IDENTIFIER = om.apple.memorize.Memorize;
				PRODUCT_NAME = "$(TARGET_NAME)";
				SWIFT_VERSION = 5.0;
				TARGETED_DEVICE_FAMILY = "1,2";
			};
			name = Release;
		};
		82A40CDC247D939500F58D8F /* Debug */ = {
			isa = XCBuildConfiguration;
			buildSettings = {
				ALWAYS_EMBED_SWIFT_STANDARD_LIBRARIES = YES;
				BUNDLE_LOADER = "$(TEST_HOST)";
				CODE_SIGN_STYLE = Automatic;
				DEVELOPMENT_TEAM = NRJNYGFB33;
				INFOPLIST_FILE = MemorizeTests/Info.plist;
				IPHONEOS_DEPLOYMENT_TARGET = 13.4;
				LD_RUNPATH_SEARCH_PATHS = (
					"$(inherited)",
					"@executable_path/Frameworks",
					"@loader_path/Frameworks",
				);
				PRODUCT_BUNDLE_IDENTIFIER = om.apple.memorize.MemorizeTests;
				PRODUCT_NAME = "$(TARGET_NAME)";
				SWIFT_VERSION = 5.0;
				TARGETED_DEVICE_FAMILY = "1,2";
				TEST_HOST = "$(BUILT_PRODUCTS_DIR)/Memorize.app/Memorize";
			};
			name = Debug;
		};
		82A40CDD247D939500F58D8F /* Release */ = {
			isa = XCBuildConfiguration;
			buildSettings = {
				ALWAYS_EMBED_SWIFT_STANDARD_LIBRARIES = YES;
				BUNDLE_LOADER = "$(TEST_HOST)";
				CODE_SIGN_STYLE = Automatic;
				DEVELOPMENT_TEAM = NRJNYGFB33;
				INFOPLIST_FILE = MemorizeTests/Info.plist;
				IPHONEOS_DEPLOYMENT_TARGET = 13.4;
				LD_RUNPATH_SEARCH_PATHS = (
					"$(inherited)",
					"@executable_path/Frameworks",
					"@loader_path/Frameworks",
				);
				PRODUCT_BUNDLE_IDENTIFIER = om.apple.memorize.MemorizeTests;
				PRODUCT_NAME = "$(TARGET_NAME)";
				SWIFT_VERSION = 5.0;
				TARGETED_DEVICE_FAMILY = "1,2";
				TEST_HOST = "$(BUILT_PRODUCTS_DIR)/Memorize.app/Memorize";
			};
			name = Release;
		};
/* End XCBuildConfiguration section */

/* Begin XCConfigurationList section */
		82A40CB4247D938F00F58D8F /* Build configuration list for PBXProject "Memorize" */ = {
			isa = XCConfigurationList;
			buildConfigurations = (
				82A40CD6247D939500F58D8F /* Debug */,
				82A40CD7247D939500F58D8F /* Release */,
			);
			defaultConfigurationIsVisible = 0;
			defaultConfigurationName = Release;
		};
		82A40CD8247D939500F58D8F /* Build configuration list for PBXNativeTarget "Memorize" */ = {
			isa = XCConfigurationList;
			buildConfigurations = (
				82A40CD9247D939500F58D8F /* Debug */,
				82A40CDA247D939500F58D8F /* Release */,
			);
			defaultConfigurationIsVisible = 0;
			defaultConfigurationName = Release;
		};
		82A40CDB247D939500F58D8F /* Build configuration list for PBXNativeTarget "MemorizeTests" */ = {
			isa = XCConfigurationList;
			buildConfigurations = (
				82A40CDC247D939500F58D8F /* Debug */,
				82A40CDD247D939500F58D8F /* Release */,
			);
			defaultConfigurationIsVisible = 0;
			defaultConfigurationName = Release;
		};
/* End XCConfigurationList section */
	};
	rootObject = 82A40CB1247D938F00F58D8F /* Project object */;
}
